
Microsoft Visual Studio Solution File, Format Version 12.00
# Visual Studio Version 17
VisualStudioVersion = 17.11.35222.181
MinimumVisualStudioVersion = 10.0.40219.1
Project("{9A19103F-16F7-4668-BE54-9A1E7A4F7556}") = "Celestial.API", "Celestial\Celestial.API.csproj", "{61C66FFF-43F1-44BE-9DE9-D64BDF576C23}"
EndProject
Global
	GlobalSection(SolutionConfigurationPlatforms) = preSolution
		Debug|Any CPU = Debug|Any CPU
		Release|Any CPU = Release|Any CPU
	EndGlobalSection
	GlobalSection(ProjectConfigurationPlatforms) = postSolution
		{61C66FFF-43F1-44BE-9DE9-D64BDF576C23}.Debug|Any CPU.ActiveCfg = Debug|Any CPU
		{61C66FFF-43F1-44BE-9DE9-D64BDF576C23}.Debug|Any CPU.Build.0 = Debug|Any CPU
		{61C66FFF-43F1-44BE-9DE9-D64BDF576C23}.Release|Any CPU.ActiveCfg = Release|Any CPU
		{61C66FFF-43F1-44BE-9DE9-D64BDF576C23}.Release|Any CPU.Build.0 = Release|Any CPU
	EndGlobalSection
	GlobalSection(SolutionProperties) = preSolution
		HideSolutionNode = FALSE
	EndGlobalSection
	GlobalSection(ExtensibilityGlobals) = postSolution
		SolutionGuid = {92B1FFDC-6FFF-4D7A-B2D1-170F10AB877E}
	EndGlobalSection
EndGlobal
